
Microsoft Visual Studio Solution File, Format Version 12.00
# Visual Studio Version 17
VisualStudioVersion = 17.5.33516.290
MinimumVisualStudioVersion = 10.0.40219.1
Project("{FAE04EC0-301F-11D3-BF4B-00C04F79EFBC}") = "EmployeeCRUDApi", "EmployeeCRUDApi\EmployeeCRUDApi.csproj", "{CADB70B7-5BAC-44FB-BCD2-7F8935318AF4}"
EndProject
Global
	GlobalSection(SolutionConfigurationPlatforms) = preSolution
		Debug|Any CPU = Debug|Any CPU
		Release|Any CPU = Release|Any CPU
	EndGlobalSection
	GlobalSection(ProjectConfigurationPlatforms) = postSolution
		{CADB70B7-5BAC-44FB-BCD2-7F8935318AF4}.Debug|Any CPU.ActiveCfg = Debug|Any CPU
		{CADB70B7-5BAC-44FB-BCD2-7F8935318AF4}.Debug|Any CPU.Build.0 = Debug|Any CPU
		{CADB70B7-5BAC-44FB-BCD2-7F8935318AF4}.Release|Any CPU.ActiveCfg = Release|Any CPU
		{CADB70B7-5BAC-44FB-BCD2-7F8935318AF4}.Release|Any CPU.Build.0 = Release|Any CPU
	EndGlobalSection
	GlobalSection(SolutionProperties) = preSolution
		HideSolutionNode = FALSE
	EndGlobalSection
	GlobalSection(ExtensibilityGlobals) = postSolution
		SolutionGuid = {7D54EAC3-00F1-44C4-AC6B-B20D57804117}
	EndGlobalSection
EndGlobal
